
Microsoft Visual Studio Solution File, Format Version 12.00
# Visual Studio Version 17
VisualStudioVersion = 17.4.33213.308
MinimumVisualStudioVersion = 10.0.40219.1
Project("{FAE04EC0-301F-11D3-BF4B-00C04F79EFBC}") = "CalculatorTrial2CM", "CalculatorTrial2CM\CalculatorTrial2CM.csproj", "{57E1EE8A-3530-4BA0-8603-3B3DB3EADC73}"
EndProject
Global
	GlobalSection(SolutionConfigurationPlatforms) = preSolution
		Debug|Any CPU = Debug|Any CPU
		Release|Any CPU = Release|Any CPU
	EndGlobalSection
	GlobalSection(ProjectConfigurationPlatforms) = postSolution
		{57E1EE8A-3530-4BA0-8603-3B3DB3EADC73}.Debug|Any CPU.ActiveCfg = Debug|Any CPU
		{57E1EE8A-3530-4BA0-8603-3B3DB3EADC73}.Debug|Any CPU.Build.0 = Debug|Any CPU
		{57E1EE8A-3530-4BA0-8603-3B3DB3EADC73}.Release|Any CPU.ActiveCfg = Release|Any CPU
		{57E1EE8A-3530-4BA0-8603-3B3DB3EADC73}.Release|Any CPU.Build.0 = Release|Any CPU
	EndGlobalSection
	GlobalSection(SolutionProperties) = preSolution
		HideSolutionNode = FALSE
	EndGlobalSection
	GlobalSection(ExtensibilityGlobals) = postSolution
		SolutionGuid = {47D6D81E-EE11-4D1B-9D4D-050648895ED1}
	EndGlobalSection
EndGlobal
